Microsoft Visual Studio Solution File, Format Version 12.00
# Visual Studio Version 17
VisualStudioVersion = 17.5.2.0
MinimumVisualStudioVersion = 10.0.40219.1
Project("{FAE04EC0-301F-11D3-BF4B-00C04F79EFBC}") = "chasrpexample", "chasrpexample.csproj", "{EB49AC0B-35EC-3E80-136A-AB3824ADDE08}"
EndProject
Global
	GlobalSection(SolutionConfigurationPlatforms) = preSolution
		Debug|Any CPU = Debug|Any CPU
		Release|Any CPU = Release|Any CPU
	EndGlobalSection
	GlobalSection(ProjectConfigurationPlatforms) = postSolution
		{EB49AC0B-35EC-3E80-136A-AB3824ADDE08}.Debug|Any CPU.ActiveCfg = Debug|Any CPU
		{EB49AC0B-35EC-3E80-136A-AB3824ADDE08}.Debug|Any CPU.Build.0 = Debug|Any CPU
		{EB49AC0B-35EC-3E80-136A-AB3824ADDE08}.Release|Any CPU.ActiveCfg = Release|Any CPU
		{EB49AC0B-35EC-3E80-136A-AB3824ADDE08}.Release|Any CPU.Build.0 = Release|Any CPU
	EndGlobalSection
	GlobalSection(SolutionProperties) = preSolution
		HideSolutionNode = FALSE
	EndGlobalSection
	GlobalSection(ExtensibilityGlobals) = postSolution
		SolutionGuid = {C0A2A7FA-EB1D-466B-B98E-ACF27ADB5EE9}
	EndGlobalSection
EndGlobal
